
Microsoft Visual Studio Solution File, Format Version 12.00
# Visual Studio Version 16
VisualStudioVersion = 16.0.31729.503
MinimumVisualStudioVersion = 10.0.40219.1
Project("{159641D6-6404-4A2A-AE62-294DE0FE8301}") = "MSSQL-Oracle2SA", "OracleSource2SA\MSSQL-Oracle2SA.dtproj", "{07D2DF6F-8EF2-490B-A509-09AADA590FC0}"
EndProject
Global
	GlobalSection(SolutionConfigurationPlatforms) = preSolution
		Development|Default = Development|Default
	EndGlobalSection
	GlobalSection(ProjectConfigurationPlatforms) = postSolution
		{07D2DF6F-8EF2-490B-A509-09AADA590FC0}.Development|Default.ActiveCfg = Development
		{07D2DF6F-8EF2-490B-A509-09AADA590FC0}.Development|Default.Build.0 = Development
	EndGlobalSection
	GlobalSection(SolutionProperties) = preSolution
		HideSolutionNode = FALSE
	EndGlobalSection
	GlobalSection(ExtensibilityGlobals) = postSolution
		SolutionGuid = {83AFC655-2507-4FB1-848E-06E1F013421B}
	EndGlobalSection
EndGlobal
