
Microsoft Visual Studio Solution File, Format Version 12.00
# Visual Studio Version 16
VisualStudioVersion = 16.0.31729.503
MinimumVisualStudioVersion = 10.0.40219.1
Project("{D2ABAB84-BF74-430A-B69E-9DC6D40DDA17}") = "SSAS", "SSAS\SSAS.dwproj", "{1D35836B-BD5C-4199-9B52-86E1DD288D68}"
EndProject
Global
	GlobalSection(SolutionConfigurationPlatforms) = preSolution
		Development|Default = Development|Default
	EndGlobalSection
	GlobalSection(ProjectConfigurationPlatforms) = postSolution
		{1D35836B-BD5C-4199-9B52-86E1DD288D68}.Development|Default.ActiveCfg = Development
		{1D35836B-BD5C-4199-9B52-86E1DD288D68}.Development|Default.Build.0 = Development
		{1D35836B-BD5C-4199-9B52-86E1DD288D68}.Development|Default.Deploy.0 = Development
	EndGlobalSection
	GlobalSection(SolutionProperties) = preSolution
		HideSolutionNode = FALSE
	EndGlobalSection
	GlobalSection(ExtensibilityGlobals) = postSolution
		SolutionGuid = {46546954-43AA-4505-8C2D-8B1F00AA98EB}
	EndGlobalSection
EndGlobal
